
Microsoft Visual Studio Solution File, Format Version 12.00
# Visual Studio Version 17
VisualStudioVersion = 17.6.33815.320
MinimumVisualStudioVersion = 10.0.40219.1
Project("{FAE04EC0-301F-11D3-BF4B-00C04F79EFBC}") = "Web Browser Oluşturma", "Web Browser Oluşturma\Web Browser Oluşturma.csproj", "{745F002E-5DA2-4CED-8A30-35FC899067A4}"
EndProject
Global
	GlobalSection(SolutionConfigurationPlatforms) = preSolution
		Debug|Any CPU = Debug|Any CPU
		Release|Any CPU = Release|Any CPU
	EndGlobalSection
	GlobalSection(ProjectConfigurationPlatforms) = postSolution
		{745F002E-5DA2-4CED-8A30-35FC899067A4}.Debug|Any CPU.ActiveCfg = Debug|Any CPU
		{745F002E-5DA2-4CED-8A30-35FC899067A4}.Debug|Any CPU.Build.0 = Debug|Any CPU
		{745F002E-5DA2-4CED-8A30-35FC899067A4}.Release|Any CPU.ActiveCfg = Release|Any CPU
		{745F002E-5DA2-4CED-8A30-35FC899067A4}.Release|Any CPU.Build.0 = Release|Any CPU
	EndGlobalSection
	GlobalSection(SolutionProperties) = preSolution
		HideSolutionNode = FALSE
	EndGlobalSection
	GlobalSection(ExtensibilityGlobals) = postSolution
		SolutionGuid = {F9D3A987-A261-4D9E-8B2D-D9F6A6AB2C85}
	EndGlobalSection
EndGlobal
